// !$*UTF8*$!
{
	archiveVersion = 1;
	classes = {
	};
	objectVersion = 45;
	objects = {

/* Begin PBXBuildFile section */
		150CD3D910B1457E00554834 /* OIView.h in Headers */ = {isa = PBXBuildFile; fileRef = 150CD3D710B1457E00554834 /* OIView.h */; settings = {ATTRIBUTES = (Public, ); }; };
		150CD3DA10B1457E00554834 /* OIView.m in Sources */ = {isa = PBXBuildFile; fileRef = 150CD3D810B1457E00554834 /* OIView.m */; };
		150CD40F10B14B4D00554834 /* OIRectangle.h in Headers */ = {isa = PBXBuildFile; fileRef = 150CD40D10B14B4D00554834 /* OIRectangle.h */; settings = {ATTRIBUTES = (Public, ); }; };
		150CD41010B14B4D00554834 /* OIRectangle.m in Sources */ = {isa = PBXBuildFile; fileRef = 150CD40E10B14B4D00554834 /* OIRectangle.m */; };
		150CD44810B1556300554834 /* OIImageView.h in Headers */ = {isa = PBXBuildFile; fileRef = 150CD44610B1556300554834 /* OIImageView.h */; settings = {ATTRIBUTES = (Public, ); }; };
		150CD44910B1556300554834 /* OIImageView.m in Sources */ = {isa = PBXBuildFile; fileRef = 150CD44710B1556300554834 /* OIImageView.m */; };
		154B355110A7F8D50054FF31 /* Foundation.framework in Frameworks */ = {isa = PBXBuildFile; fileRef = 0867D69BFE84028FC02AAC07 /* Foundation.framework */; };
		154B356F10A7F9C90054FF31 /* OIApplication.h in Headers */ = {isa = PBXBuildFile; fileRef = 154B356D10A7F9C90054FF31 /* OIApplication.h */; settings = {ATTRIBUTES = (Public, ); }; };
		154B357010A7F9C90054FF31 /* OIApplication.m in Sources */ = {isa = PBXBuildFile; fileRef = 154B356E10A7F9C90054FF31 /* OIApplication.m */; };
		154B364410A80DD90054FF31 /* Ohai.h in Headers */ = {isa = PBXBuildFile; fileRef = 154B364310A80DD90054FF31 /* Ohai.h */; settings = {ATTRIBUTES = (Public, ); }; };
		155D2AF510AF20EC00473529 /* OIWindow.h in Headers */ = {isa = PBXBuildFile; fileRef = 155D2AF310AF20EC00473529 /* OIWindow.h */; settings = {ATTRIBUTES = (Public, ); }; };
		155D2AF610AF20EC00473529 /* OIWindow.m in Sources */ = {isa = PBXBuildFile; fileRef = 155D2AF410AF20EC00473529 /* OIWindow.m */; };
		155D2B0210AF228B00473529 /* OIScreen.h in Headers */ = {isa = PBXBuildFile; fileRef = 155D2B0010AF228B00473529 /* OIScreen.h */; settings = {ATTRIBUTES = (Public, ); }; };
		155D2B0310AF228B00473529 /* OIScreen.m in Sources */ = {isa = PBXBuildFile; fileRef = 155D2B0110AF228B00473529 /* OIScreen.m */; };
		155D2CA810AF341E00473529 /* OIResponder.h in Headers */ = {isa = PBXBuildFile; fileRef = 155D2CA610AF341E00473529 /* OIResponder.h */; settings = {ATTRIBUTES = (Public, ); }; };
		155D2CA910AF341E00473529 /* OIResponder.m in Sources */ = {isa = PBXBuildFile; fileRef = 155D2CA710AF341E00473529 /* OIResponder.m */; };
		155D2CD310AF357800473529 /* OIKeyboardEvent.h in Headers */ = {isa = PBXBuildFile; fileRef = 155D2CD110AF357800473529 /* OIKeyboardEvent.h */; settings = {ATTRIBUTES = (Public, ); }; };
		155D2CD410AF357800473529 /* OIKeyboardEvent.m in Sources */ = {isa = PBXBuildFile; fileRef = 155D2CD210AF357800473529 /* OIKeyboardEvent.m */; };
		155D2CEE10AF377A00473529 /* OIMap.h in Headers */ = {isa = PBXBuildFile; fileRef = 155D2CEC10AF377A00473529 /* OIMap.h */; settings = {ATTRIBUTES = (Public, ); }; };
		155D2CEF10AF377A00473529 /* OIMap.m in Sources */ = {isa = PBXBuildFile; fileRef = 155D2CED10AF377A00473529 /* OIMap.m */; };
		158E5DE710AFF8D1005F0C3C /* OILog.h in Headers */ = {isa = PBXBuildFile; fileRef = 158E5DE510AFF8D1005F0C3C /* OILog.h */; };
		158E5DE810AFF8D1005F0C3C /* OILog.m in Sources */ = {isa = PBXBuildFile; fileRef = 158E5DE610AFF8D1005F0C3C /* OILog.m */; };
		15C8705310AF607B000C05E1 /* OIColor.h in Headers */ = {isa = PBXBuildFile; fileRef = 15C8705210AF607B000C05E1 /* OIColor.h */; settings = {ATTRIBUTES = (Public, ); }; };
		8DC2EF530486A6940098B216 /* InfoPlist.strings in Resources */ = {isa = PBXBuildFile; fileRef = 089C1666FE841158C02AAC07 /* InfoPlist.strings */; };
/* End PBXBuildFile section */

/* Begin PBXBuildRule section */
		154B356610A7F9340054FF31 /* PBXBuildRule */ = {
			isa = PBXBuildRule;
			compilerSpec = org.cocotron.1.0.linux.arm_OpenInkpot.gcc.default;
			fileType = sourcecode.asm;
			isEditable = 1;
			outputFiles = (
			);
		};
		154B356710A7F9340054FF31 /* PBXBuildRule */ = {
			isa = PBXBuildRule;
			compilerSpec = org.cocotron.1.0.linux.arm_OpenInkpot.gcc.default;
			fileType = sourcecode.c;
			isEditable = 1;
			outputFiles = (
			);
		};
/* End PBXBuildRule section */

/* Begin PBXFileReference section */
		0867D69BFE84028FC02AAC07 /* Foundation.framework */ = {isa = PBXFileReference; lastKnownFileType = wrapper.framework; name = Foundation.framework; path = /System/Library/Frameworks/Foundation.framework; sourceTree = "<absolute>"; };
		0867D6A5FE840307C02AAC07 /* AppKit.framework */ = {isa = PBXFileReference; lastKnownFileType = wrapper.framework; name = AppKit.framework; path = /System/Library/Frameworks/AppKit.framework; sourceTree = "<absolute>"; };
		089C1667FE841158C02AAC07 /* English */ = {isa = PBXFileReference; fileEncoding = 4; lastKnownFileType = text.plist.strings; name = English; path = English.lproj/InfoPlist.strings; sourceTree = "<group>"; };
		150CD3D710B1457E00554834 /* OIView.h */ = {isa = PBXFileReference; fileEncoding = 4; lastKnownFileType = sourcecode.c.h; path = OIView.h; sourceTree = "<group>"; };
		150CD3D810B1457E00554834 /* OIView.m */ = {isa = PBXFileReference; fileEncoding = 4; lastKnownFileType = sourcecode.c.objc; path = OIView.m; sourceTree = "<group>"; };
		150CD40D10B14B4D00554834 /* OIRectangle.h */ = {isa = PBXFileReference; fileEncoding = 4; lastKnownFileType = sourcecode.c.h; path = OIRectangle.h; sourceTree = "<group>"; };
		150CD40E10B14B4D00554834 /* OIRectangle.m */ = {isa = PBXFileReference; fileEncoding = 4; lastKnownFileType = sourcecode.c.objc; path = OIRectangle.m; sourceTree = "<group>"; };
		150CD44610B1556300554834 /* OIImageView.h */ = {isa = PBXFileReference; fileEncoding = 4; lastKnownFileType = sourcecode.c.h; path = OIImageView.h; sourceTree = "<group>"; };
		150CD44710B1556300554834 /* OIImageView.m */ = {isa = PBXFileReference; fileEncoding = 4; lastKnownFileType = sourcecode.c.objc; path = OIImageView.m; sourceTree = "<group>"; };
		154B356D10A7F9C90054FF31 /* OIApplication.h */ = {isa = PBXFileReference; fileEncoding = 4; lastKnownFileType = sourcecode.c.h; path = OIApplication.h; sourceTree = "<group>"; };
		154B356E10A7F9C90054FF31 /* OIApplication.m */ = {isa = PBXFileReference; fileEncoding = 4; lastKnownFileType = sourcecode.c.objc; path = OIApplication.m; sourceTree = "<group>"; };
		154B358010A7FB000054FF31 /* Ohai.xcconfig */ = {isa = PBXFileReference; fileEncoding = 4; lastKnownFileType = text.xcconfig; path = Ohai.xcconfig; sourceTree = "<group>"; };
		154B364310A80DD90054FF31 /* Ohai.h */ = {isa = PBXFileReference; fileEncoding = 4; lastKnownFileType = sourcecode.c.h; path = Ohai.h; sourceTree = "<group>"; };
		155D2AF310AF20EC00473529 /* OIWindow.h */ = {isa = PBXFileReference; fileEncoding = 4; lastKnownFileType = sourcecode.c.h; path = OIWindow.h; sourceTree = "<group>"; };
		155D2AF410AF20EC00473529 /* OIWindow.m */ = {isa = PBXFileReference; fileEncoding = 4; lastKnownFileType = sourcecode.c.objc; path = OIWindow.m; sourceTree = "<group>"; };
		155D2B0010AF228B00473529 /* OIScreen.h */ = {isa = PBXFileReference; fileEncoding = 4; lastKnownFileType = sourcecode.c.h; path = OIScreen.h; sourceTree = "<group>"; };
		155D2B0110AF228B00473529 /* OIScreen.m */ = {isa = PBXFileReference; fileEncoding = 4; lastKnownFileType = sourcecode.c.objc; path = OIScreen.m; sourceTree = "<group>"; };
		155D2CA610AF341E00473529 /* OIResponder.h */ = {isa = PBXFileReference; fileEncoding = 4; lastKnownFileType = sourcecode.c.h; path = OIResponder.h; sourceTree = "<group>"; };
		155D2CA710AF341E00473529 /* OIResponder.m */ = {isa = PBXFileReference; fileEncoding = 4; lastKnownFileType = sourcecode.c.objc; path = OIResponder.m; sourceTree = "<group>"; };
		155D2CD110AF357800473529 /* OIKeyboardEvent.h */ = {isa = PBXFileReference; fileEncoding = 4; lastKnownFileType = sourcecode.c.h; path = OIKeyboardEvent.h; sourceTree = "<group>"; };
		155D2CD210AF357800473529 /* OIKeyboardEvent.m */ = {isa = PBXFileReference; fileEncoding = 4; lastKnownFileType = sourcecode.c.objc; path = OIKeyboardEvent.m; sourceTree = "<group>"; };
		155D2CEC10AF377A00473529 /* OIMap.h */ = {isa = PBXFileReference; fileEncoding = 4; lastKnownFileType = sourcecode.c.h; path = OIMap.h; sourceTree = "<group>"; };
		155D2CED10AF377A00473529 /* OIMap.m */ = {isa = PBXFileReference; fileEncoding = 4; lastKnownFileType = sourcecode.c.objc; path = OIMap.m; sourceTree = "<group>"; };
		158E5DE510AFF8D1005F0C3C /* OILog.h */ = {isa = PBXFileReference; fileEncoding = 4; lastKnownFileType = sourcecode.c.h; path = OILog.h; sourceTree = "<group>"; };
		158E5DE610AFF8D1005F0C3C /* OILog.m */ = {isa = PBXFileReference; fileEncoding = 4; lastKnownFileType = sourcecode.c.objc; path = OILog.m; sourceTree = "<group>"; };
		15C8705210AF607B000C05E1 /* OIColor.h */ = {isa = PBXFileReference; fileEncoding = 4; lastKnownFileType = sourcecode.c.h; path = OIColor.h; sourceTree = "<group>"; };
		32DBCF5E0370ADEE00C91783 /* Ohai_Prefix.pch */ = {isa = PBXFileReference; fileEncoding = 4; lastKnownFileType = sourcecode.c.h; path = Ohai_Prefix.pch; sourceTree = "<group>"; };
		8DC2EF5A0486A6940098B216 /* Info.plist */ = {isa = PBXFileReference; fileEncoding = 4; lastKnownFileType = text.plist.xml; path = Info.plist; sourceTree = "<group>"; };
		8DC2EF5B0486A6940098B216 /* Ohai.framework */ = {isa = PBXFileReference; explicitFileType = wrapper.framework; includeInIndex = 0; path = Ohai.framework; sourceTree = BUILT_PRODUCTS_DIR; };
		D2F7E79907B2D74100F64583 /* CoreData.framework */ = {isa = PBXFileReference; lastKnownFileType = wrapper.framework; name = CoreData.framework; path = /System/Library/Frameworks/CoreData.framework; sourceTree = "<absolute>"; };
/* End PBXFileReference section */

/* Begin PBXFrameworksBuildPhase section */
		8DC2EF560486A6940098B216 /* Frameworks */ = {
			isa = PBXFrameworksBuildPhase;
			buildActionMask = 2147483647;
			files = (
				154B355110A7F8D50054FF31 /* Foundation.framework in Frameworks */,
			);
			runOnlyForDeploymentPostprocessing = 0;
		};
/* End PBXFrameworksBuildPhase section */

/* Begin PBXGroup section */
		034768DFFF38A50411DB9C8B /* Products */ = {
			isa = PBXGroup;
			children = (
				8DC2EF5B0486A6940098B216 /* Ohai.framework */,
			);
			name = Products;
			sourceTree = "<group>";
		};
		0867D691FE84028FC02AAC07 /* Ohai */ = {
			isa = PBXGroup;
			children = (
				154B358010A7FB000054FF31 /* Ohai.xcconfig */,
				154B364310A80DD90054FF31 /* Ohai.h */,
				08FB77AEFE84172EC02AAC07 /* Classes */,
				32C88DFF0371C24200C91783 /* Other Sources */,
				089C1665FE841158C02AAC07 /* Resources */,
				0867D69AFE84028FC02AAC07 /* External Frameworks and Libraries */,
				034768DFFF38A50411DB9C8B /* Products */,
			);
			name = Ohai;
			sourceTree = "<group>";
		};
		0867D69AFE84028FC02AAC07 /* External Frameworks and Libraries */ = {
			isa = PBXGroup;
			children = (
				1058C7B0FEA5585E11CA2CBB /* Linked Frameworks */,
				1058C7B2FEA5585E11CA2CBB /* Other Frameworks */,
			);
			name = "External Frameworks and Libraries";
			sourceTree = "<group>";
		};
		089C1665FE841158C02AAC07 /* Resources */ = {
			isa = PBXGroup;
			children = (
				8DC2EF5A0486A6940098B216 /* Info.plist */,
				089C1666FE841158C02AAC07 /* InfoPlist.strings */,
			);
			name = Resources;
			sourceTree = "<group>";
		};
		08FB77AEFE84172EC02AAC07 /* Classes */ = {
			isa = PBXGroup;
			children = (
				155D2DF610AF4C1100473529 /* Shapes */,
				155D2CEC10AF377A00473529 /* OIMap.h */,
				155D2CED10AF377A00473529 /* OIMap.m */,
				155D2CD110AF357800473529 /* OIKeyboardEvent.h */,
				155D2CD210AF357800473529 /* OIKeyboardEvent.m */,
				154B356D10A7F9C90054FF31 /* OIApplication.h */,
				154B356E10A7F9C90054FF31 /* OIApplication.m */,
				155D2AF310AF20EC00473529 /* OIWindow.h */,
				155D2AF410AF20EC00473529 /* OIWindow.m */,
				155D2B0010AF228B00473529 /* OIScreen.h */,
				155D2B0110AF228B00473529 /* OIScreen.m */,
				155D2CA610AF341E00473529 /* OIResponder.h */,
				155D2CA710AF341E00473529 /* OIResponder.m */,
				158E5DE510AFF8D1005F0C3C /* OILog.h */,
				158E5DE610AFF8D1005F0C3C /* OILog.m */,
			);
			name = Classes;
			sourceTree = "<group>";
		};
		1058C7B0FEA5585E11CA2CBB /* Linked Frameworks */ = {
			isa = PBXGroup;
			children = (
			);
			name = "Linked Frameworks";
			sourceTree = "<group>";
		};
		1058C7B2FEA5585E11CA2CBB /* Other Frameworks */ = {
			isa = PBXGroup;
			children = (
				0867D6A5FE840307C02AAC07 /* AppKit.framework */,
				D2F7E79907B2D74100F64583 /* CoreData.framework */,
				0867D69BFE84028FC02AAC07 /* Foundation.framework */,
			);
			name = "Other Frameworks";
			sourceTree = "<group>";
		};
		155D2DF610AF4C1100473529 /* Shapes */ = {
			isa = PBXGroup;
			children = (
				150CD40D10B14B4D00554834 /* OIRectangle.h */,
				150CD44610B1556300554834 /* OIImageView.h */,
				150CD44710B1556300554834 /* OIImageView.m */,
				150CD40E10B14B4D00554834 /* OIRectangle.m */,
				150CD3D710B1457E00554834 /* OIView.h */,
				150CD3D810B1457E00554834 /* OIView.m */,
				15C8705210AF607B000C05E1 /* OIColor.h */,
			);
			name = Shapes;
			sourceTree = "<group>";
		};
		32C88DFF0371C24200C91783 /* Other Sources */ = {
			isa = PBXGroup;
			children = (
				32DBCF5E0370ADEE00C91783 /* Ohai_Prefix.pch */,
			);
			name = "Other Sources";
			sourceTree = "<group>";
		};
/* End PBXGroup section */

/* Begin PBXHeadersBuildPhase section */
		8DC2EF500486A6940098B216 /* Headers */ = {
			isa = PBXHeadersBuildPhase;
			buildActionMask = 2147483647;
			files = (
				154B356F10A7F9C90054FF31 /* OIApplication.h in Headers */,
				154B364410A80DD90054FF31 /* Ohai.h in Headers */,
				155D2AF510AF20EC00473529 /* OIWindow.h in Headers */,
				155D2B0210AF228B00473529 /* OIScreen.h in Headers */,
				155D2CA810AF341E00473529 /* OIResponder.h in Headers */,
				155D2CD310AF357800473529 /* OIKeyboardEvent.h in Headers */,
				155D2CEE10AF377A00473529 /* OIMap.h in Headers */,
				15C8705310AF607B000C05E1 /* OIColor.h in Headers */,
				158E5DE710AFF8D1005F0C3C /* OILog.h in Headers */,
				150CD3D910B1457E00554834 /* OIView.h in Headers */,
				150CD40F10B14B4D00554834 /* OIRectangle.h in Headers */,
				150CD44810B1556300554834 /* OIImageView.h in Headers */,
			);
			runOnlyForDeploymentPostprocessing = 0;
		};
/* End PBXHeadersBuildPhase section */

/* Begin PBXNativeTarget section */
		8DC2EF4F0486A6940098B216 /* Ohai (Cocotron: Linux arm_OpenInkpot) */ = {
			isa = PBXNativeTarget;
			buildConfigurationList = 1DEB91AD08733DA50010E9CD /* Build configuration list for PBXNativeTarget "Ohai (Cocotron: Linux arm_OpenInkpot)" */;
			buildPhases = (
				8DC2EF500486A6940098B216 /* Headers */,
				8DC2EF520486A6940098B216 /* Resources */,
				8DC2EF540486A6940098B216 /* Sources */,
				8DC2EF560486A6940098B216 /* Frameworks */,
			);
			buildRules = (
				154B356610A7F9340054FF31 /* PBXBuildRule */,
				154B356710A7F9340054FF31 /* PBXBuildRule */,
			);
			dependencies = (
			);
			name = "Ohai (Cocotron: Linux arm_OpenInkpot)";
			productInstallPath = "$(HOME)/Library/Frameworks";
			productName = Ohai;
			productReference = 8DC2EF5B0486A6940098B216 /* Ohai.framework */;
			productType = "com.apple.product-type.framework";
		};
/* End PBXNativeTarget section */

/* Begin PBXProject section */
		0867D690FE84028FC02AAC07 /* Project object */ = {
			isa = PBXProject;
			buildConfigurationList = 1DEB91B108733DA50010E9CD /* Build configuration list for PBXProject "Ohai" */;
			compatibilityVersion = "Xcode 3.1";
			hasScannedForEncodings = 1;
			mainGroup = 0867D691FE84028FC02AAC07 /* Ohai */;
			productRefGroup = 034768DFFF38A50411DB9C8B /* Products */;
			projectDirPath = "";
			projectRoot = "";
			targets = (
				8DC2EF4F0486A6940098B216 /* Ohai (Cocotron: Linux arm_OpenInkpot) */,
			);
		};
/* End PBXProject section */

/* Begin PBXResourcesBuildPhase section */
		8DC2EF520486A6940098B216 /* Resources */ = {
			isa = PBXResourcesBuildPhase;
			buildActionMask = 2147483647;
			files = (
				8DC2EF530486A6940098B216 /* InfoPlist.strings in Resources */,
			);
			runOnlyForDeploymentPostprocessing = 0;
		};
/* End PBXResourcesBuildPhase section */

/* Begin PBXSourcesBuildPhase section */
		8DC2EF540486A6940098B216 /* Sources */ = {
			isa = PBXSourcesBuildPhase;
			buildActionMask = 2147483647;
			files = (
				154B357010A7F9C90054FF31 /* OIApplication.m in Sources */,
				155D2AF610AF20EC00473529 /* OIWindow.m in Sources */,
				155D2B0310AF228B00473529 /* OIScreen.m in Sources */,
				155D2CA910AF341E00473529 /* OIResponder.m in Sources */,
				155D2CD410AF357800473529 /* OIKeyboardEvent.m in Sources */,
				155D2CEF10AF377A00473529 /* OIMap.m in Sources */,
				158E5DE810AFF8D1005F0C3C /* OILog.m in Sources */,
				150CD3DA10B1457E00554834 /* OIView.m in Sources */,
				150CD41010B14B4D00554834 /* OIRectangle.m in Sources */,
				150CD44910B1556300554834 /* OIImageView.m in Sources */,
			);
			runOnlyForDeploymentPostprocessing = 0;
		};
/* End PBXSourcesBuildPhase section */

/* Begin PBXVariantGroup section */
		089C1666FE841158C02AAC07 /* InfoPlist.strings */ = {
			isa = PBXVariantGroup;
			children = (
				089C1667FE841158C02AAC07 /* English */,
			);
			name = InfoPlist.strings;
			sourceTree = "<group>";
		};
/* End PBXVariantGroup section */

/* Begin XCBuildConfiguration section */
		1DEB91AE08733DA50010E9CD /* Debug */ = {
			isa = XCBuildConfiguration;
			baseConfigurationReference = 154B358010A7FB000054FF31 /* Ohai.xcconfig */;
			buildSettings = {
				COPY_PHASE_STRIP = NO;
				GCC_OPTIMIZATION_LEVEL = 0;
				HEADER_SEARCH_PATHS = (
					"/Developer/Cocotron/1.0/Linux/arm_OpenInkpot/gcc-4.3.1/arm-ip-linux-gnueabi/include",
					"/Developer/Cocotron/1.0/Linux/arm_OpenInkpot/gcc-4.3.1/arm-ip-linux-gnueabi/include/eina-0",
					"/Developer/Cocotron/1.0/Linux/arm_OpenInkpot/gcc-4.3.1/arm-ip-linux-gnueabi/include/eina-0/eina",
					"/Developer/Cocotron/1.0/PlatformInterfaces/arm-ip-linux-gnueabi/usr/include",
				);
				OTHER_CFLAGS = (
					"-D__LITTLE_ENDIAN__",
					"-fPIC",
					"$(inherited)",
					"-march=armv4",
					"-mno-thumb-interwork",
				);
			};
			name = Debug;
		};
		1DEB91AF08733DA50010E9CD /* Release */ = {
			isa = XCBuildConfiguration;
			baseConfigurationReference = 154B358010A7FB000054FF31 /* Ohai.xcconfig */;
			buildSettings = {
				DEBUG_INFORMATION_FORMAT = "dwarf-with-dsym";
				HEADER_SEARCH_PATHS = (
					"/Developer/Cocotron/1.0/Linux/arm_OpenInkpot/gcc-4.3.1/arm-ip-linux-gnueabi/include",
					"/Developer/Cocotron/1.0/Linux/arm_OpenInkpot/gcc-4.3.1/arm-ip-linux-gnueabi/include/eina-0",
					"/Developer/Cocotron/1.0/Linux/arm_OpenInkpot/gcc-4.3.1/arm-ip-linux-gnueabi/include/eina-0/eina",
					"/Developer/Cocotron/1.0/PlatformInterfaces/arm-ip-linux-gnueabi/usr/include",
				);
				OTHER_CFLAGS = (
					"-D__LITTLE_ENDIAN__",
					"-fPIC",
					"$(inherited)",
					"-march=armv4",
					"-mno-thumb-interwork",
				);
			};
			name = Release;
		};
		1DEB91B208733DA50010E9CD /* Debug */ = {
			isa = XCBuildConfiguration;
			buildSettings = {
				ARCHS = "$(ARCHS_STANDARD_32_64_BIT)";
				GCC_C_LANGUAGE_STANDARD = gnu99;
				GCC_OPTIMIZATION_LEVEL = 0;
				GCC_WARN_ABOUT_RETURN_TYPE = YES;
				GCC_WARN_UNUSED_VARIABLE = YES;
				ONLY_ACTIVE_ARCH = YES;
				PREBINDING = NO;
				SDKROOT = macosx10.6;
			};
			name = Debug;
		};
		1DEB91B308733DA50010E9CD /* Release */ = {
			isa = XCBuildConfiguration;
			buildSettings = {
				ARCHS = "$(ARCHS_STANDARD_32_64_BIT)";
				GCC_C_LANGUAGE_STANDARD = gnu99;
				GCC_WARN_ABOUT_RETURN_TYPE = YES;
				GCC_WARN_UNUSED_VARIABLE = YES;
				PREBINDING = NO;
				SDKROOT = macosx10.6;
			};
			name = Release;
		};
/* End XCBuildConfiguration section */

/* Begin XCConfigurationList section */
		1DEB91AD08733DA50010E9CD /* Build configuration list for PBXNativeTarget "Ohai (Cocotron: Linux arm_OpenInkpot)" */ = {
			isa = XCConfigurationList;
			buildConfigurations = (
				1DEB91AE08733DA50010E9CD /* Debug */,
				1DEB91AF08733DA50010E9CD /* Release */,
			);
			defaultConfigurationIsVisible = 0;
			defaultConfigurationName = Release;
		};
		1DEB91B108733DA50010E9CD /* Build configuration list for PBXProject "Ohai" */ = {
			isa = XCConfigurationList;
			buildConfigurations = (
				1DEB91B208733DA50010E9CD /* Debug */,
				1DEB91B308733DA50010E9CD /* Release */,
			);
			defaultConfigurationIsVisible = 0;
			defaultConfigurationName = Release;
		};
/* End XCConfigurationList section */
	};
	rootObject = 0867D690FE84028FC02AAC07 /* Project object */;
}
